{
  "pins" : [
    {
      "identity" : "kakaomapssdk-spm",
      "kind" : "remoteSourceControl",
      "location" : "https://github.com/kakao-mapsSDK/KakaoMapsSDK-SPM.git",
      "state" : {
        "revision" : "5795121d119146fa7fec61f60395fcbef5392e32",
        "version" : "2.12.17"
      }
    }
  ],
  "version" : 2
}
